// !$*UTF8*$!
{
	archiveVersion = 1;
	classes = {
	};
	objectVersion = 46;
	objects = {

/* Begin PBXBuildFile section */
		8849A4FB176DB2B00067860E /* basketBallBackground.png in Resources */ = {isa = PBXBuildFile; fileRef = 8849A4FA176DB2B00067860E /* basketBallBackground.png */; };
		8849A4FD176DD0530067860E /* OnBlastLogo.png in Resources */ = {isa = PBXBuildFile; fileRef = 8849A4FC176DD0530067860E /* OnBlastLogo.png */; };
		88FAB3BF176CB4CF0020FB55 /* UIKit.framework in Frameworks */ = {isa = PBXBuildFile; fileRef = 88FAB3BE176CB4CF0020FB55 /* UIKit.framework */; };
		88FAB3C1176CB4CF0020FB55 /* Foundation.framework in Frameworks */ = {isa = PBXBuildFile; fileRef = 88FAB3C0176CB4CF0020FB55 /* Foundation.framework */; };
		88FAB3C3176CB4CF0020FB55 /* CoreGraphics.framework in Frameworks */ = {isa = PBXBuildFile; fileRef = 88FAB3C2176CB4CF0020FB55 /* CoreGraphics.framework */; };
		88FAB3C9176CB4CF0020FB55 /* InfoPlist.strings in Resources */ = {isa = PBXBuildFile; fileRef = 88FAB3C7176CB4CF0020FB55 /* InfoPlist.strings */; };
		88FAB3CB176CB4CF0020FB55 /* main.m in Sources */ = {isa = PBXBuildFile; fileRef = 88FAB3CA176CB4CF0020FB55 /* main.m */; };
		88FAB3CF176CB4CF0020FB55 /* AppDelegate.m in Sources */ = {isa = PBXBuildFile; fileRef = 88FAB3CE176CB4CF0020FB55 /* AppDelegate.m */; };
		88FAB3D1176CB4CF0020FB55 /* Default.png in Resources */ = {isa = PBXBuildFile; fileRef = 88FAB3D0176CB4CF0020FB55 /* Default.png */; };
		88FAB3D3176CB4CF0020FB55 /* Default@2x.png in Resources */ = {isa = PBXBuildFile; fileRef = 88FAB3D2176CB4CF0020FB55 /* Default@2x.png */; };
		88FAB3D5176CB4CF0020FB55 /* Default-568h@2x.png in Resources */ = {isa = PBXBuildFile; fileRef = 88FAB3D4176CB4CF0020FB55 /* Default-568h@2x.png */; };
		88FAB3DE176CC0BC0020FB55 /* MainViewController.m in Sources */ = {isa = PBXBuildFile; fileRef = 88FAB3DC176CC0BC0020FB55 /* MainViewController.m */; };
		88FAB3DF176CC0BC0020FB55 /* MainViewController.xib in Resources */ = {isa = PBXBuildFile; fileRef = 88FAB3DD176CC0BC0020FB55 /* MainViewController.xib */; };
		88FAB3F4176CC1C40020FB55 /* AFHTTPClient.m in Sources */ = {isa = PBXBuildFile; fileRef = 88FAB3E2176CC1C40020FB55 /* AFHTTPClient.m */; };
		88FAB3F5176CC1C40020FB55 /* AFHTTPRequestOperation.m in Sources */ = {isa = PBXBuildFile; fileRef = 88FAB3E4176CC1C40020FB55 /* AFHTTPRequestOperation.m */; };
		88FAB3F6176CC1C40020FB55 /* AFImageRequestOperation.m in Sources */ = {isa = PBXBuildFile; fileRef = 88FAB3E6176CC1C40020FB55 /* AFImageRequestOperation.m */; };
		88FAB3F7176CC1C40020FB55 /* AFJSONRequestOperation.m in Sources */ = {isa = PBXBuildFile; fileRef = 88FAB3E8176CC1C40020FB55 /* AFJSONRequestOperation.m */; };
		88FAB3F8176CC1C40020FB55 /* AFNetworkActivityIndicatorManager.m in Sources */ = {isa = PBXBuildFile; fileRef = 88FAB3EA176CC1C40020FB55 /* AFNetworkActivityIndicatorManager.m */; };
		88FAB3F9176CC1C40020FB55 /* AFPropertyListRequestOperation.m in Sources */ = {isa = PBXBuildFile; fileRef = 88FAB3ED176CC1C40020FB55 /* AFPropertyListRequestOperation.m */; };
		88FAB3FA176CC1C40020FB55 /* AFURLConnectionOperation.m in Sources */ = {isa = PBXBuildFile; fileRef = 88FAB3EF176CC1C40020FB55 /* AFURLConnectionOperation.m */; };
		88FAB3FB176CC1C40020FB55 /* AFXMLRequestOperation.m in Sources */ = {isa = PBXBuildFile; fileRef = 88FAB3F1176CC1C40020FB55 /* AFXMLRequestOperation.m */; };
		88FAB3FC176CC1C40020FB55 /* UIImageView+AFNetworking.m in Sources */ = {isa = PBXBuildFile; fileRef = 88FAB3F3176CC1C40020FB55 /* UIImageView+AFNetworking.m */; };
		88FAB46A176D58820020FB55 /* Twilinator.m in Sources */ = {isa = PBXBuildFile; fileRef = 88FAB469176D58820020FB55 /* Twilinator.m */; settings = {COMPILER_FLAGS = "-fno-objc-arc"; }; };
		88FAB46C176D5C5F0020FB55 /* CFNetwork.framework in Frameworks */ = {isa = PBXBuildFile; fileRef = 88FAB46B176D5C5F0020FB55 /* CFNetwork.framework */; };
		88FAB48E176D5C710020FB55 /* ASIDataCompressor.m in Sources */ = {isa = PBXBuildFile; fileRef = 88FAB470176D5C710020FB55 /* ASIDataCompressor.m */; settings = {COMPILER_FLAGS = "-fno-objc-arc"; }; };
		88FAB48F176D5C710020FB55 /* ASIDataDecompressor.m in Sources */ = {isa = PBXBuildFile; fileRef = 88FAB472176D5C710020FB55 /* ASIDataDecompressor.m */; settings = {COMPILER_FLAGS = "-fno-objc-arc"; }; };
		88FAB490176D5C710020FB55 /* ASIDownloadCache.m in Sources */ = {isa = PBXBuildFile; fileRef = 88FAB474176D5C710020FB55 /* ASIDownloadCache.m */; settings = {COMPILER_FLAGS = "-fno-objc-arc"; }; };
		88FAB491176D5C710020FB55 /* ASIFormDataRequest.m in Sources */ = {isa = PBXBuildFile; fileRef = 88FAB476176D5C710020FB55 /* ASIFormDataRequest.m */; settings = {COMPILER_FLAGS = "-fno-objc-arc"; }; };
		88FAB492176D5C710020FB55 /* ASIHTTPRequest.m in Sources */ = {isa = PBXBuildFile; fileRef = 88FAB478176D5C710020FB55 /* ASIHTTPRequest.m */; settings = {COMPILER_FLAGS = "-fno-objc-arc"; }; };
		88FAB493176D5C710020FB55 /* ASIInputStream.m in Sources */ = {isa = PBXBuildFile; fileRef = 88FAB47C176D5C710020FB55 /* ASIInputStream.m */; settings = {COMPILER_FLAGS = "-fno-objc-arc"; }; };
		88FAB494176D5C710020FB55 /* ASINetworkQueue.m in Sources */ = {isa = PBXBuildFile; fileRef = 88FAB47E176D5C710020FB55 /* ASINetworkQueue.m */; settings = {COMPILER_FLAGS = "-fno-objc-arc"; }; };
		88FAB495176D5C710020FB55 /* NSObject+SBJSON.m in Sources */ = {isa = PBXBuildFile; fileRef = 88FAB483176D5C710020FB55 /* NSObject+SBJSON.m */; settings = {COMPILER_FLAGS = "-fno-objc-arc"; }; };
		88FAB496176D5C710020FB55 /* NSString+SBJSON.m in Sources */ = {isa = PBXBuildFile; fileRef = 88FAB485176D5C710020FB55 /* NSString+SBJSON.m */; settings = {COMPILER_FLAGS = "-fno-objc-arc"; }; };
		88FAB497176D5C710020FB55 /* SBJSON.m in Sources */ = {isa = PBXBuildFile; fileRef = 88FAB487176D5C710020FB55 /* SBJSON.m */; settings = {COMPILER_FLAGS = "-fno-objc-arc"; }; };
		88FAB498176D5C710020FB55 /* SBJsonBase.m in Sources */ = {isa = PBXBuildFile; fileRef = 88FAB489176D5C710020FB55 /* SBJsonBase.m */; settings = {COMPILER_FLAGS = "-fno-objc-arc"; }; };
		88FAB499176D5C710020FB55 /* SBJsonParser.m in Sources */ = {isa = PBXBuildFile; fileRef = 88FAB48B176D5C710020FB55 /* SBJsonParser.m */; settings = {COMPILER_FLAGS = "-fno-objc-arc"; }; };
		88FAB49A176D5C710020FB55 /* SBJsonWriter.m in Sources */ = {isa = PBXBuildFile; fileRef = 88FAB48D176D5C710020FB55 /* SBJsonWriter.m */; settings = {COMPILER_FLAGS = "-fno-objc-arc"; }; };
		88FAB49C176D5D210020FB55 /* SystemConfiguration.framework in Frameworks */ = {isa = PBXBuildFile; fileRef = 88FAB49B176D5D210020FB55 /* SystemConfiguration.framework */; };
		88FAB49E176D5D2B0020FB55 /* MobileCoreServices.framework in Frameworks */ = {isa = PBXBuildFile; fileRef = 88FAB49D176D5D2B0020FB55 /* MobileCoreServices.framework */; };
		88FAB4A0176D5D3B0020FB55 /* libz.dylib in Frameworks */ = {isa = PBXBuildFile; fileRef = 88FAB49F176D5D3B0020FB55 /* libz.dylib */; };
		88FAB4A2176D5D470020FB55 /* libxml2.dylib in Frameworks */ = {isa = PBXBuildFile; fileRef = 88FAB4A1176D5D470020FB55 /* libxml2.dylib */; };
		88FAB4A9176D77040020FB55 /* Reachability.m in Sources */ = {isa = PBXBuildFile; fileRef = 88FAB4A8176D77040020FB55 /* Reachability.m */; settings = {COMPILER_FLAGS = "-fno-objc-arc"; }; };
		88FAB4AE176D7B8F0020FB55 /* OnBlastBackground.png in Resources */ = {isa = PBXBuildFile; fileRef = 88FAB4AD176D7B8F0020FB55 /* OnBlastBackground.png */; };
		88FAB4CD176D88EF0020FB55 /* 76ers.gif in Resources */ = {isa = PBXBuildFile; fileRef = 88FAB4B0176D88EF0020FB55 /* 76ers.gif */; };
		88FAB4CE176D88EF0020FB55 /* atlanta.gif in Resources */ = {isa = PBXBuildFile; fileRef = 88FAB4B1176D88EF0020FB55 /* atlanta.gif */; };
		88FAB4CF176D88EF0020FB55 /* bucks.gif in Resources */ = {isa = PBXBuildFile; fileRef = 88FAB4B2176D88EF0020FB55 /* bucks.gif */; };
		88FAB4D0176D88EF0020FB55 /* bulls.png in Resources */ = {isa = PBXBuildFile; fileRef = 88FAB4B3176D88EF0020FB55 /* bulls.png */; };
		88FAB4D1176D88EF0020FB55 /* cavaliers.png in Resources */ = {isa = PBXBuildFile; fileRef = 88FAB4B4176D88EF0020FB55 /* cavaliers.png */; };
		88FAB4D2176D88EF0020FB55 /* celtics.png in Resources */ = {isa = PBXBuildFile; fileRef = 88FAB4B5176D88EF0020FB55 /* celtics.png */; };
		88FAB4D3176D88EF0020FB55 /* clippers.gif in Resources */ = {isa = PBXBuildFile; fileRef = 88FAB4B6176D88EF0020FB55 /* clippers.gif */; };
		88FAB4D4176D88EF0020FB55 /* grizzlies.png in Resources */ = {isa = PBXBuildFile; fileRef = 88FAB4B7176D88EF0020FB55 /* grizzlies.png */; };
		88FAB4D5176D88EF0020FB55 /* heat.png in Resources */ = {isa = PBXBuildFile; fileRef = 88FAB4B8176D88EF0020FB55 /* heat.png */; };
		88FAB4D6176D88EF0020FB55 /* jazz.png in Resources */ = {isa = PBXBuildFile; fileRef = 88FAB4B9176D88EF0020FB55 /* jazz.png */; };
		88FAB4D7176D88EF0020FB55 /* kings.gif in Resources */ = {isa = PBXBuildFile; fileRef = 88FAB4BA176D88EF0020FB55 /* kings.gif */; };
		88FAB4D8176D88EF0020FB55 /* knicks.png in Resources */ = {isa = PBXBuildFile; fileRef = 88FAB4BB176D88EF0020FB55 /* knicks.png */; };
		88FAB4D9176D88EF0020FB55 /* lakers.png in Resources */ = {isa = PBXBuildFile; fileRef = 88FAB4BC176D88EF0020FB55 /* lakers.png */; };
		88FAB4DA176D88EF0020FB55 /* magic.png in Resources */ = {isa = PBXBuildFile; fileRef = 88FAB4BD176D88EF0020FB55 /* magic.png */; };
		88FAB4DB176D88EF0020FB55 /* mavericks.png in Resources */ = {isa = PBXBuildFile; fileRef = 88FAB4BE176D88EF0020FB55 /* mavericks.png */; };
		88FAB4DC176D88EF0020FB55 /* nets.png in Resources */ = {isa = PBXBuildFile; fileRef = 88FAB4BF176D88EF0020FB55 /* nets.png */; };
		88FAB4DD176D88EF0020FB55 /* nuggets.gif in Resources */ = {isa = PBXBuildFile; fileRef = 88FAB4C0176D88EF0020FB55 /* nuggets.gif */; };
		88FAB4DE176D88EF0020FB55 /* pacers.gif in Resources */ = {isa = PBXBuildFile; fileRef = 88FAB4C1176D88EF0020FB55 /* pacers.gif */; };
		88FAB4DF176D88EF0020FB55 /* pelicans.png in Resources */ = {isa = PBXBuildFile; fileRef = 88FAB4C2176D88EF0020FB55 /* pelicans.png */; };
		88FAB4E0176D88EF0020FB55 /* pistons.gif in Resources */ = {isa = PBXBuildFile; fileRef = 88FAB4C3176D88EF0020FB55 /* pistons.gif */; };
		88FAB4E1176D88EF0020FB55 /* raptors.gif in Resources */ = {isa = PBXBuildFile; fileRef = 88FAB4C4176D88EF0020FB55 /* raptors.gif */; };
		88FAB4E2176D88EF0020FB55 /* rockets.png in Resources */ = {isa = PBXBuildFile; fileRef = 88FAB4C5176D88EF0020FB55 /* rockets.png */; };
		88FAB4E3176D88EF0020FB55 /* spurs.png in Resources */ = {isa = PBXBuildFile; fileRef = 88FAB4C6176D88EF0020FB55 /* spurs.png */; };
		88FAB4E4176D88EF0020FB55 /* suns.png in Resources */ = {isa = PBXBuildFile; fileRef = 88FAB4C7176D88EF0020FB55 /* suns.png */; };
		88FAB4E5176D88EF0020FB55 /* thunder.png in Resources */ = {isa = PBXBuildFile; fileRef = 88FAB4C8176D88EF0020FB55 /* thunder.png */; };
		88FAB4E6176D88EF0020FB55 /* timberwolves.gif in Resources */ = {isa = PBXBuildFile; fileRef = 88FAB4C9176D88EF0020FB55 /* timberwolves.gif */; };
		88FAB4E7176D88EF0020FB55 /* trailblazers.png in Resources */ = {isa = PBXBuildFile; fileRef = 88FAB4CA176D88EF0020FB55 /* trailblazers.png */; };
		88FAB4E8176D88EF0020FB55 /* warriors.png in Resources */ = {isa = PBXBuildFile; fileRef = 88FAB4CB176D88EF0020FB55 /* warriors.png */; };
		88FAB4E9176D88EF0020FB55 /* wizards.png in Resources */ = {isa = PBXBuildFile; fileRef = 88FAB4CC176D88EF0020FB55 /* wizards.png */; };
		88FAB4EB176D8B1A0020FB55 /* bobcats.png in Resources */ = {isa = PBXBuildFile; fileRef = 88FAB4EA176D8B1A0020FB55 /* bobcats.png */; };
/* End PBXBuildFile section */

/* Begin PBXFileReference section */
		8849A4FA176DB2B00067860E /* basketBallBackground.png */ = {isa = PBXFileReference; lastKnownFileType = image.png; path = basketBallBackground.png; sourceTree = "<group>"; };
		8849A4FC176DD0530067860E /* OnBlastLogo.png */ = {isa = PBXFileReference; lastKnownFileType = image.png; path = OnBlastLogo.png; sourceTree = "<group>"; };
		88FAB3BB176CB4CF0020FB55 /* OnBlast.app */ = {isa = PBXFileReference; explicitFileType = wrapper.application; includeInIndex = 0; path = OnBlast.app; sourceTree = BUILT_PRODUCTS_DIR; };
		88FAB3BE176CB4CF0020FB55 /* UIKit.framework */ = {isa = PBXFileReference; lastKnownFileType = wrapper.framework; name = UIKit.framework; path = System/Library/Frameworks/UIKit.framework; sourceTree = SDKROOT; };
		88FAB3C0176CB4CF0020FB55 /* Foundation.framework */ = {isa = PBXFileReference; lastKnownFileType = wrapper.framework; name = Foundation.framework; path = System/Library/Frameworks/Foundation.framework; sourceTree = SDKROOT; };
		88FAB3C2176CB4CF0020FB55 /* CoreGraphics.framework */ = {isa = PBXFileReference; lastKnownFileType = wrapper.framework; name = CoreGraphics.framework; path = System/Library/Frameworks/CoreGraphics.framework; sourceTree = SDKROOT; };
		88FAB3C6176CB4CF0020FB55 /* OnBlast-Info.plist */ = {isa = PBXFileReference; lastKnownFileType = text.plist.xml; path = "OnBlast-Info.plist"; sourceTree = "<group>"; };
		88FAB3C8176CB4CF0020FB55 /* en */ = {isa = PBXFileReference; lastKnownFileType = text.plist.strings; name = en; path = en.lproj/InfoPlist.strings; sourceTree = "<group>"; };
		88FAB3CA176CB4CF0020FB55 /* main.m */ = {isa = PBXFileReference; lastKnownFileType = sourcecode.c.objc; path = main.m; sourceTree = "<group>"; };
		88FAB3CC176CB4CF0020FB55 /* OnBlast-Prefix.pch */ = {isa = PBXFileReference; lastKnownFileType = sourcecode.c.h; path = "OnBlast-Prefix.pch"; sourceTree = "<group>"; };
		88FAB3CD176CB4CF0020FB55 /* AppDelegate.h */ = {isa = PBXFileReference; lastKnownFileType = sourcecode.c.h; path = AppDelegate.h; sourceTree = "<group>"; };
		88FAB3CE176CB4CF0020FB55 /* AppDelegate.m */ = {isa = PBXFileReference; lastKnownFileType = sourcecode.c.objc; path = AppDelegate.m; sourceTree = "<group>"; };
		88FAB3D0176CB4CF0020FB55 /* Default.png */ = {isa = PBXFileReference; lastKnownFileType = image.png; path = Default.png; sourceTree = "<group>"; };
		88FAB3D2176CB4CF0020FB55 /* Default@2x.png */ = {isa = PBXFileReference; lastKnownFileType = image.png; path = "Default@2x.png"; sourceTree = "<group>"; };
		88FAB3D4176CB4CF0020FB55 /* Default-568h@2x.png */ = {isa = PBXFileReference; lastKnownFileType = image.png; path = "Default-568h@2x.png"; sourceTree = "<group>"; };
		88FAB3DB176CC0BC0020FB55 /* MainViewController.h */ = {isa = PBXFileReference; fileEncoding = 4; lastKnownFileType = sourcecode.c.h; name = MainViewController.h; path = ../MainViewController.h; sourceTree = "<group>"; };
		88FAB3DC176CC0BC0020FB55 /* MainViewController.m */ = {isa = PBXFileReference; fileEncoding = 4; lastKnownFileType = sourcecode.c.objc; name = MainViewController.m; path = ../MainViewController.m; sourceTree = "<group>"; };
		88FAB3DD176CC0BC0020FB55 /* MainViewController.xib */ = {isa = PBXFileReference; fileEncoding = 4; lastKnownFileType = file.xib; name = MainViewController.xib; path = ../MainViewController.xib; sourceTree = "<group>"; };
		88FAB3E1176CC1C40020FB55 /* AFHTTPClient.h */ = {isa = PBXFileReference; fileEncoding = 4; lastKnownFileType = sourcecode.c.h; path = AFHTTPClient.h; sourceTree = "<group>"; };
		88FAB3E2176CC1C40020FB55 /* AFHTTPClient.m */ = {isa = PBXFileReference; fileEncoding = 4; lastKnownFileType = sourcecode.c.objc; path = AFHTTPClient.m; sourceTree = "<group>"; };
		88FAB3E3176CC1C40020FB55 /* AFHTTPRequestOperation.h */ = {isa = PBXFileReference; fileEncoding = 4; lastKnownFileType = sourcecode.c.h; path = AFHTTPRequestOperation.h; sourceTree = "<group>"; };
		88FAB3E4176CC1C40020FB55 /* AFHTTPRequestOperation.m */ = {isa = PBXFileReference; fileEncoding = 4; lastKnownFileType = sourcecode.c.objc; path = AFHTTPRequestOperation.m; sourceTree = "<group>"; };
		88FAB3E5176CC1C40020FB55 /* AFImageRequestOperation.h */ = {isa = PBXFileReference; fileEncoding = 4; lastKnownFileType = sourcecode.c.h; path = AFImageRequestOperation.h; sourceTree = "<group>"; };
		88FAB3E6176CC1C40020FB55 /* AFImageRequestOperation.m */ = {isa = PBXFileReference; fileEncoding = 4; lastKnownFileType = sourcecode.c.objc; path = AFImageRequestOperation.m; sourceTree = "<group>"; };
		88FAB3E7176CC1C40020FB55 /* AFJSONRequestOperation.h */ = {isa = PBXFileReference; fileEncoding = 4; lastKnownFileType = sourcecode.c.h; path = AFJSONRequestOperation.h; sourceTree = "<group>"; };
		88FAB3E8176CC1C40020FB55 /* AFJSONRequestOperation.m */ = {isa = PBXFileReference; fileEncoding = 4; lastKnownFileType = sourcecode.c.objc; path = AFJSONRequestOperation.m; sourceTree = "<group>"; };
		88FAB3E9176CC1C40020FB55 /* AFNetworkActivityIndicatorManager.h */ = {isa = PBXFileReference; fileEncoding = 4; lastKnownFileType = sourcecode.c.h; path = AFNetworkActivityIndicatorManager.h; sourceTree = "<group>"; };
		88FAB3EA176CC1C40020FB55 /* AFNetworkActivityIndicatorManager.m */ = {isa = PBXFileReference; fileEncoding = 4; lastKnownFileType = sourcecode.c.objc; path = AFNetworkActivityIndicatorManager.m; sourceTree = "<group>"; };
		88FAB3EB176CC1C40020FB55 /* AFNetworking.h */ = {isa = PBXFileReference; fileEncoding = 4; lastKnownFileType = sourcecode.c.h; path = AFNetworking.h; sourceTree = "<group>"; };
		88FAB3EC176CC1C40020FB55 /* AFPropertyListRequestOperation.h */ = {isa = PBXFileReference; fileEncoding = 4; lastKnownFileType = sourcecode.c.h; path = AFPropertyListRequestOperation.h; sourceTree = "<group>"; };
		88FAB3ED176CC1C40020FB55 /* AFPropertyListRequestOperation.m */ = {isa = PBXFileReference; fileEncoding = 4; lastKnownFileType = sourcecode.c.objc; path = AFPropertyListRequestOperation.m; sourceTree = "<group>"; };
		88FAB3EE176CC1C40020FB55 /* AFURLConnectionOperation.h */ = {isa = PBXFileReference; fileEncoding = 4; lastKnownFileType = sourcecode.c.h; path = AFURLConnectionOperation.h; sourceTree = "<group>"; };
		88FAB3EF176CC1C40020FB55 /* AFURLConnectionOperation.m */ = {isa = PBXFileReference; fileEncoding = 4; lastKnownFileType = sourcecode.c.objc; path = AFURLConnectionOperation.m; sourceTree = "<group>"; };
		88FAB3F0176CC1C40020FB55 /* AFXMLRequestOperation.h */ = {isa = PBXFileReference; fileEncoding = 4; lastKnownFileType = sourcecode.c.h; path = AFXMLRequestOperation.h; sourceTree = "<group>"; };
		88FAB3F1176CC1C40020FB55 /* AFXMLRequestOperation.m */ = {isa = PBXFileReference; fileEncoding = 4; lastKnownFileType = sourcecode.c.objc; path = AFXMLRequestOperation.m; sourceTree = "<group>"; };
		88FAB3F2176CC1C40020FB55 /* UIImageView+AFNetworking.h */ = {isa = PBXFileReference; fileEncoding = 4; lastKnownFileType = sourcecode.c.h; path = "UIImageView+AFNetworking.h"; sourceTree = "<group>"; };
		88FAB3F3176CC1C40020FB55 /* UIImageView+AFNetworking.m */ = {isa = PBXFileReference; fileEncoding = 4; lastKnownFileType = sourcecode.c.objc; path = "UIImageView+AFNetworking.m"; sourceTree = "<group>"; };
		88FAB468176D58820020FB55 /* Twilinator.h */ = {isa = PBXFileReference; fileEncoding = 4; lastKnownFileType = sourcecode.c.h; path = Twilinator.h; sourceTree = "<group>"; };
		88FAB469176D58820020FB55 /* Twilinator.m */ = {isa = PBXFileReference; fileEncoding = 4; lastKnownFileType = sourcecode.c.objc; path = Twilinator.m; sourceTree = "<group>"; };
		88FAB46B176D5C5F0020FB55 /* CFNetwork.framework */ = {isa = PBXFileReference; lastKnownFileType = wrapper.framework; name = CFNetwork.framework; path = System/Library/Frameworks/CFNetwork.framework; sourceTree = SDKROOT; };
		88FAB46E176D5C710020FB55 /* ASICacheDelegate.h */ = {isa = PBXFileReference; fileEncoding = 4; lastKnownFileType = sourcecode.c.h; path = ASICacheDelegate.h; sourceTree = "<group>"; };
		88FAB46F176D5C710020FB55 /* ASIDataCompressor.h */ = {isa = PBXFileReference; fileEncoding = 4; lastKnownFileType = sourcecode.c.h; path = ASIDataCompressor.h; sourceTree = "<group>"; };
		88FAB470176D5C710020FB55 /* ASIDataCompressor.m */ = {isa = PBXFileReference; fileEncoding = 4; lastKnownFileType = sourcecode.c.objc; path = ASIDataCompressor.m; sourceTree = "<group>"; };
		88FAB471176D5C710020FB55 /* ASIDataDecompressor.h */ = {isa = PBXFileReference; fileEncoding = 4; lastKnownFileType = sourcecode.c.h; path = ASIDataDecompressor.h; sourceTree = "<group>"; };
		88FAB472176D5C710020FB55 /* ASIDataDecompressor.m */ = {isa = PBXFileReference; fileEncoding = 4; lastKnownFileType = sourcecode.c.objc; path = ASIDataDecompressor.m; sourceTree = "<group>"; };
		88FAB473176D5C710020FB55 /* ASIDownloadCache.h */ = {isa = PBXFileReference; fileEncoding = 4; lastKnownFileType = sourcecode.c.h; path = ASIDownloadCache.h; sourceTree = "<group>"; };
		88FAB474176D5C710020FB55 /* ASIDownloadCache.m */ = {isa = PBXFileReference; fileEncoding = 4; lastKnownFileType = sourcecode.c.objc; path = ASIDownloadCache.m; sourceTree = "<group>"; };
		88FAB475176D5C710020FB55 /* ASIFormDataRequest.h */ = {isa = PBXFileReference; fileEncoding = 4; lastKnownFileType = sourcecode.c.h; path = ASIFormDataRequest.h; sourceTree = "<group>"; };
		88FAB476176D5C710020FB55 /* ASIFormDataRequest.m */ = {isa = PBXFileReference; fileEncoding = 4; lastKnownFileType = sourcecode.c.objc; path = ASIFormDataRequest.m; sourceTree = "<group>"; };
		88FAB477176D5C710020FB55 /* ASIHTTPRequest.h */ = {isa = PBXFileReference; fileEncoding = 4; lastKnownFileType = sourcecode.c.h; path = ASIHTTPRequest.h; sourceTree = "<group>"; };
		88FAB478176D5C710020FB55 /* ASIHTTPRequest.m */ = {isa = PBXFileReference; fileEncoding = 4; lastKnownFileType = sourcecode.c.objc; path = ASIHTTPRequest.m; sourceTree = "<group>"; };
		88FAB479176D5C710020FB55 /* ASIHTTPRequestConfig.h */ = {isa = PBXFileReference; fileEncoding = 4; lastKnownFileType = sourcecode.c.h; path = ASIHTTPRequestConfig.h; sourceTree = "<group>"; };
		88FAB47A176D5C710020FB55 /* ASIHTTPRequestDelegate.h */ = {isa = PBXFileReference; fileEncoding = 4; lastKnownFileType = sourcecode.c.h; path = ASIHTTPRequestDelegate.h; sourceTree = "<group>"; };
		88FAB47B176D5C710020FB55 /* ASIInputStream.h */ = {isa = PBXFileReference; fileEncoding = 4; lastKnownFileType = sourcecode.c.h; path = ASIInputStream.h; sourceTree = "<group>"; };
		88FAB47C176D5C710020FB55 /* ASIInputStream.m */ = {isa = PBXFileReference; fileEncoding = 4; lastKnownFileType = sourcecode.c.objc; path = ASIInputStream.m; sourceTree = "<group>"; };
		88FAB47D176D5C710020FB55 /* ASINetworkQueue.h */ = {isa = PBXFileReference; fileEncoding = 4; lastKnownFileType = sourcecode.c.h; path = ASINetworkQueue.h; sourceTree = "<group>"; };
		88FAB47E176D5C710020FB55 /* ASINetworkQueue.m */ = {isa = PBXFileReference; fileEncoding = 4; lastKnownFileType = sourcecode.c.objc; path = ASINetworkQueue.m; sourceTree = "<group>"; };
		88FAB47F176D5C710020FB55 /* ASIProgressDelegate.h */ = {isa = PBXFileReference; fileEncoding = 4; lastKnownFileType = sourcecode.c.h; path = ASIProgressDelegate.h; sourceTree = "<group>"; };
		88FAB481176D5C710020FB55 /* JSON.h */ = {isa = PBXFileReference; fileEncoding = 4; lastKnownFileType = sourcecode.c.h; path = JSON.h; sourceTree = "<group>"; };
		88FAB482176D5C710020FB55 /* NSObject+SBJSON.h */ = {isa = PBXFileReference; fileEncoding = 4; lastKnownFileType = sourcecode.c.h; path = "NSObject+SBJSON.h"; sourceTree = "<group>"; };
		88FAB483176D5C710020FB55 /* NSObject+SBJSON.m */ = {isa = PBXFileReference; fileEncoding = 4; lastKnownFileType = sourcecode.c.objc; path = "NSObject+SBJSON.m"; sourceTree = "<group>"; };
		88FAB484176D5C710020FB55 /* NSString+SBJSON.h */ = {isa = PBXFileReference; fileEncoding = 4; lastKnownFileType = sourcecode.c.h; path = "NSString+SBJSON.h"; sourceTree = "<group>"; };
		88FAB485176D5C710020FB55 /* NSString+SBJSON.m */ = {isa = PBXFileReference; fileEncoding = 4; lastKnownFileType = sourcecode.c.objc; path = "NSString+SBJSON.m"; sourceTree = "<group>"; };
		88FAB486176D5C710020FB55 /* SBJSON.h */ = {isa = PBXFileReference; fileEncoding = 4; lastKnownFileType = sourcecode.c.h; path = SBJSON.h; sourceTree = "<group>"; };
		88FAB487176D5C710020FB55 /* SBJSON.m */ = {isa = PBXFileReference; fileEncoding = 4; lastKnownFileType = sourcecode.c.objc; path = SBJSON.m; sourceTree = "<group>"; };
		88FAB488176D5C710020FB55 /* SBJsonBase.h */ = {isa = PBXFileReference; fileEncoding = 4; lastKnownFileType = sourcecode.c.h; path = SBJsonBase.h; sourceTree = "<group>"; };
		88FAB489176D5C710020FB55 /* SBJsonBase.m */ = {isa = PBXFileReference; fileEncoding = 4; lastKnownFileType = sourcecode.c.objc; path = SBJsonBase.m; sourceTree = "<group>"; };
		88FAB48A176D5C710020FB55 /* SBJsonParser.h */ = {isa = PBXFileReference; fileEncoding = 4; lastKnownFileType = sourcecode.c.h; path = SBJsonParser.h; sourceTree = "<group>"; };
		88FAB48B176D5C710020FB55 /* SBJsonParser.m */ = {isa = PBXFileReference; fileEncoding = 4; lastKnownFileType = sourcecode.c.objc; path = SBJsonParser.m; sourceTree = "<group>"; };
		88FAB48C176D5C710020FB55 /* SBJsonWriter.h */ = {isa = PBXFileReference; fileEncoding = 4; lastKnownFileType = sourcecode.c.h; path = SBJsonWriter.h; sourceTree = "<group>"; };
		88FAB48D176D5C710020FB55 /* SBJsonWriter.m */ = {isa = PBXFileReference; fileEncoding = 4; lastKnownFileType = sourcecode.c.objc; path = SBJsonWriter.m; sourceTree = "<group>"; };
		88FAB49B176D5D210020FB55 /* SystemConfiguration.framework */ = {isa = PBXFileReference; lastKnownFileType = wrapper.framework; name = SystemConfiguration.framework; path = System/Library/Frameworks/SystemConfiguration.framework; sourceTree = SDKROOT; };
		88FAB49D176D5D2B0020FB55 /* MobileCoreServices.framework */ = {isa = PBXFileReference; lastKnownFileType = wrapper.framework; name = MobileCoreServices.framework; path = System/Library/Frameworks/MobileCoreServices.framework; sourceTree = SDKROOT; };
		88FAB49F176D5D3B0020FB55 /* libz.dylib */ = {isa = PBXFileReference; lastKnownFileType = "compiled.mach-o.dylib"; name = libz.dylib; path = usr/lib/libz.dylib; sourceTree = SDKROOT; };
		88FAB4A1176D5D470020FB55 /* libxml2.dylib */ = {isa = PBXFileReference; lastKnownFileType = "compiled.mach-o.dylib"; name = libxml2.dylib; path = usr/lib/libxml2.dylib; sourceTree = SDKROOT; };
		88FAB4A7176D77040020FB55 /* Reachability.h */ = {isa = PBXFileReference; fileEncoding = 4; lastKnownFileType = sourcecode.c.h; path = Reachability.h; sourceTree = "<group>"; };
		88FAB4A8176D77040020FB55 /* Reachability.m */ = {isa = PBXFileReference; fileEncoding = 4; lastKnownFileType = sourcecode.c.objc; path = Reachability.m; sourceTree = "<group>"; };
		88FAB4AA176D77AD0020FB55 /* ASIAuthenticationDialog.h */ = {isa = PBXFileReference; fileEncoding = 4; lastKnownFileType = sourcecode.c.h; path = ASIAuthenticationDialog.h; sourceTree = "<group>"; };
		88FAB4AD176D7B8F0020FB55 /* OnBlastBackground.png */ = {isa = PBXFileReference; lastKnownFileType = image.png; path = OnBlastBackground.png; sourceTree = "<group>"; };
		88FAB4B0176D88EF0020FB55 /* 76ers.gif */ = {isa = PBXFileReference; lastKnownFileType = image.gif; path = 76ers.gif; sourceTree = "<group>"; };
		88FAB4B1176D88EF0020FB55 /* atlanta.gif */ = {isa = PBXFileReference; lastKnownFileType = image.gif; path = atlanta.gif; sourceTree = "<group>"; };
		88FAB4B2176D88EF0020FB55 /* bucks.gif */ = {isa = PBXFileReference; lastKnownFileType = image.gif; path = bucks.gif; sourceTree = "<group>"; };
		88FAB4B3176D88EF0020FB55 /* bulls.png */ = {isa = PBXFileReference; lastKnownFileType = image.png; path = bulls.png; sourceTree = "<group>"; };
		88FAB4B4176D88EF0020FB55 /* cavaliers.png */ = {isa = PBXFileReference; lastKnownFileType = image.png; path = cavaliers.png; sourceTree = "<group>"; };
		88FAB4B5176D88EF0020FB55 /* celtics.png */ = {isa = PBXFileReference; lastKnownFileType = image.png; path = celtics.png; sourceTree = "<group>"; };
		88FAB4B6176D88EF0020FB55 /* clippers.gif */ = {isa = PBXFileReference; lastKnownFileType = image.gif; path = clippers.gif; sourceTree = "<group>"; };
		88FAB4B7176D88EF0020FB55 /* grizzlies.png */ = {isa = PBXFileReference; lastKnownFileType = image.png; path = grizzlies.png; sourceTree = "<group>"; };
		88FAB4B8176D88EF0020FB55 /* heat.png */ = {isa = PBXFileReference; lastKnownFileType = image.png; path = heat.png; sourceTree = "<group>"; };
		88FAB4B9176D88EF0020FB55 /* jazz.png */ = {isa = PBXFileReference; lastKnownFileType = image.png; path = jazz.png; sourceTree = "<group>"; };
		88FAB4BA176D88EF0020FB55 /* kings.gif */ = {isa = PBXFileReference; lastKnownFileType = image.gif; path = kings.gif; sourceTree = "<group>"; };
		88FAB4BB176D88EF0020FB55 /* knicks.png */ = {isa = PBXFileReference; lastKnownFileType = image.png; path = knicks.png; sourceTree = "<group>"; };
		88FAB4BC176D88EF0020FB55 /* lakers.png */ = {isa = PBXFileReference; lastKnownFileType = image.png; path = lakers.png; sourceTree = "<group>"; };
		88FAB4BD176D88EF0020FB55 /* magic.png */ = {isa = PBXFileReference; lastKnownFileType = image.png; path = magic.png; sourceTree = "<group>"; };
		88FAB4BE176D88EF0020FB55 /* mavericks.png */ = {isa = PBXFileReference; lastKnownFileType = image.png; path = mavericks.png; sourceTree = "<group>"; };
		88FAB4BF176D88EF0020FB55 /* nets.png */ = {isa = PBXFileReference; lastKnownFileType = image.png; path = nets.png; sourceTree = "<group>"; };
		88FAB4C0176D88EF0020FB55 /* nuggets.gif */ = {isa = PBXFileReference; lastKnownFileType = image.gif; path = nuggets.gif; sourceTree = "<group>"; };
		88FAB4C1176D88EF0020FB55 /* pacers.gif */ = {isa = PBXFileReference; lastKnownFileType = image.gif; path = pacers.gif; sourceTree = "<group>"; };
		88FAB4C2176D88EF0020FB55 /* pelicans.png */ = {isa = PBXFileReference; lastKnownFileType = image.png; path = pelicans.png; sourceTree = "<group>"; };
		88FAB4C3176D88EF0020FB55 /* pistons.gif */ = {isa = PBXFileReference; lastKnownFileType = image.gif; path = pistons.gif; sourceTree = "<group>"; };
		88FAB4C4176D88EF0020FB55 /* raptors.gif */ = {isa = PBXFileReference; lastKnownFileType = image.gif; path = raptors.gif; sourceTree = "<group>"; };
		88FAB4C5176D88EF0020FB55 /* rockets.png */ = {isa = PBXFileReference; lastKnownFileType = image.png; path = rockets.png; sourceTree = "<group>"; };
		88FAB4C6176D88EF0020FB55 /* spurs.png */ = {isa = PBXFileReference; lastKnownFileType = image.png; path = spurs.png; sourceTree = "<group>"; };
		88FAB4C7176D88EF0020FB55 /* suns.png */ = {isa = PBXFileReference; lastKnownFileType = image.png; path = suns.png; sourceTree = "<group>"; };
		88FAB4C8176D88EF0020FB55 /* thunder.png */ = {isa = PBXFileReference; lastKnownFileType = image.png; path = thunder.png; sourceTree = "<group>"; };
		88FAB4C9176D88EF0020FB55 /* timberwolves.gif */ = {isa = PBXFileReference; lastKnownFileType = image.gif; path = timberwolves.gif; sourceTree = "<group>"; };
		88FAB4CA176D88EF0020FB55 /* trailblazers.png */ = {isa = PBXFileReference; lastKnownFileType = image.png; path = trailblazers.png; sourceTree = "<group>"; };
		88FAB4CB176D88EF0020FB55 /* warriors.png */ = {isa = PBXFileReference; lastKnownFileType = image.png; path = warriors.png; sourceTree = "<group>"; };
		88FAB4CC176D88EF0020FB55 /* wizards.png */ = {isa = PBXFileReference; lastKnownFileType = image.png; path = wizards.png; sourceTree = "<group>"; };
		88FAB4EA176D8B1A0020FB55 /* bobcats.png */ = {isa = PBXFileReference; lastKnownFileType = image.png; path = bobcats.png; sourceTree = "<group>"; };
/* End PBXFileReference section */

/* Begin PBXFrameworksBuildPhase section */
		88FAB3B8176CB4CF0020FB55 /* Frameworks */ = {
			isa = PBXFrameworksBuildPhase;
			buildActionMask = 2147483647;
			files = (
				88FAB4A2176D5D470020FB55 /* libxml2.dylib in Frameworks */,
				88FAB4A0176D5D3B0020FB55 /* libz.dylib in Frameworks */,
				88FAB49E176D5D2B0020FB55 /* MobileCoreServices.framework in Frameworks */,
				88FAB49C176D5D210020FB55 /* SystemConfiguration.framework in Frameworks */,
				88FAB46C176D5C5F0020FB55 /* CFNetwork.framework in Frameworks */,
				88FAB3BF176CB4CF0020FB55 /* UIKit.framework in Frameworks */,
				88FAB3C1176CB4CF0020FB55 /* Foundation.framework in Frameworks */,
				88FAB3C3176CB4CF0020FB55 /* CoreGraphics.framework in Frameworks */,
			);
			runOnlyForDeploymentPostprocessing = 0;
		};
/* End PBXFrameworksBuildPhase section */

/* Begin PBXGroup section */
		88FAB3B2176CB4CF0020FB55 = {
			isa = PBXGroup;
			children = (
				88FAB4AA176D77AD0020FB55 /* ASIAuthenticationDialog.h */,
				88FAB4A6176D77040020FB55 /* Reachability */,
				88FAB4A3176D725E0020FB55 /* Media */,
				88FAB4A1176D5D470020FB55 /* libxml2.dylib */,
				88FAB49F176D5D3B0020FB55 /* libz.dylib */,
				88FAB49D176D5D2B0020FB55 /* MobileCoreServices.framework */,
				88FAB49B176D5D210020FB55 /* SystemConfiguration.framework */,
				88FAB46D176D5C710020FB55 /* ASIHTTPRequest */,
				88FAB480176D5C710020FB55 /* SBJSON */,
				88FAB46B176D5C5F0020FB55 /* CFNetwork.framework */,
				88FAB468176D58820020FB55 /* Twilinator.h */,
				88FAB469176D58820020FB55 /* Twilinator.m */,
				88FAB3E0176CC1C40020FB55 /* AFNetworking */,
				88FAB3C4176CB4CF0020FB55 /* OnBlast */,
				88FAB3BD176CB4CF0020FB55 /* Frameworks */,
				88FAB3BC176CB4CF0020FB55 /* Products */,
			);
			sourceTree = "<group>";
		};
		88FAB3BC176CB4CF0020FB55 /* Products */ = {
			isa = PBXGroup;
			children = (
				88FAB3BB176CB4CF0020FB55 /* OnBlast.app */,
			);
			name = Products;
			sourceTree = "<group>";
		};
		88FAB3BD176CB4CF0020FB55 /* Frameworks */ = {
			isa = PBXGroup;
			children = (
				88FAB3BE176CB4CF0020FB55 /* UIKit.framework */,
				88FAB3C0176CB4CF0020FB55 /* Foundation.framework */,
				88FAB3C2176CB4CF0020FB55 /* CoreGraphics.framework */,
			);
			name = Frameworks;
			sourceTree = "<group>";
		};
		88FAB3C4176CB4CF0020FB55 /* OnBlast */ = {
			isa = PBXGroup;
			children = (
				88FAB3DB176CC0BC0020FB55 /* MainViewController.h */,
				88FAB3DC176CC0BC0020FB55 /* MainViewController.m */,
				88FAB3DD176CC0BC0020FB55 /* MainViewController.xib */,
				88FAB3CD176CB4CF0020FB55 /* AppDelegate.h */,
				88FAB3CE176CB4CF0020FB55 /* AppDelegate.m */,
				88FAB3C5176CB4CF0020FB55 /* Supporting Files */,
			);
			path = OnBlast;
			sourceTree = "<group>";
		};
		88FAB3C5176CB4CF0020FB55 /* Supporting Files */ = {
			isa = PBXGroup;
			children = (
				88FAB3C6176CB4CF0020FB55 /* OnBlast-Info.plist */,
				88FAB3C7176CB4CF0020FB55 /* InfoPlist.strings */,
				88FAB3CA176CB4CF0020FB55 /* main.m */,
				88FAB3CC176CB4CF0020FB55 /* OnBlast-Prefix.pch */,
				88FAB3D0176CB4CF0020FB55 /* Default.png */,
				88FAB3D2176CB4CF0020FB55 /* Default@2x.png */,
				88FAB3D4176CB4CF0020FB55 /* Default-568h@2x.png */,
			);
			name = "Supporting Files";
			sourceTree = "<group>";
		};
		88FAB3E0176CC1C40020FB55 /* AFNetworking */ = {
			isa = PBXGroup;
			children = (
				88FAB3E1176CC1C40020FB55 /* AFHTTPClient.h */,
				88FAB3E2176CC1C40020FB55 /* AFHTTPClient.m */,
				88FAB3E3176CC1C40020FB55 /* AFHTTPRequestOperation.h */,
				88FAB3E4176CC1C40020FB55 /* AFHTTPRequestOperation.m */,
				88FAB3E5176CC1C40020FB55 /* AFImageRequestOperation.h */,
				88FAB3E6176CC1C40020FB55 /* AFImageRequestOperation.m */,
				88FAB3E7176CC1C40020FB55 /* AFJSONRequestOperation.h */,
				88FAB3E8176CC1C40020FB55 /* AFJSONRequestOperation.m */,
				88FAB3E9176CC1C40020FB55 /* AFNetworkActivityIndicatorManager.h */,
				88FAB3EA176CC1C40020FB55 /* AFNetworkActivityIndicatorManager.m */,
				88FAB3EB176CC1C40020FB55 /* AFNetworking.h */,
				88FAB3EC176CC1C40020FB55 /* AFPropertyListRequestOperation.h */,
				88FAB3ED176CC1C40020FB55 /* AFPropertyListRequestOperation.m */,
				88FAB3EE176CC1C40020FB55 /* AFURLConnectionOperation.h */,
				88FAB3EF176CC1C40020FB55 /* AFURLConnectionOperation.m */,
				88FAB3F0176CC1C40020FB55 /* AFXMLRequestOperation.h */,
				88FAB3F1176CC1C40020FB55 /* AFXMLRequestOperation.m */,
				88FAB3F2176CC1C40020FB55 /* UIImageView+AFNetworking.h */,
				88FAB3F3176CC1C40020FB55 /* UIImageView+AFNetworking.m */,
			);
			path = AFNetworking;
			sourceTree = "<group>";
		};
		88FAB46D176D5C710020FB55 /* ASIHTTPRequest */ = {
			isa = PBXGroup;
			children = (
				88FAB46E176D5C710020FB55 /* ASICacheDelegate.h */,
				88FAB46F176D5C710020FB55 /* ASIDataCompressor.h */,
				88FAB470176D5C710020FB55 /* ASIDataCompressor.m */,
				88FAB471176D5C710020FB55 /* ASIDataDecompressor.h */,
				88FAB472176D5C710020FB55 /* ASIDataDecompressor.m */,
				88FAB473176D5C710020FB55 /* ASIDownloadCache.h */,
				88FAB474176D5C710020FB55 /* ASIDownloadCache.m */,
				88FAB475176D5C710020FB55 /* ASIFormDataRequest.h */,
				88FAB476176D5C710020FB55 /* ASIFormDataRequest.m */,
				88FAB477176D5C710020FB55 /* ASIHTTPRequest.h */,
				88FAB478176D5C710020FB55 /* ASIHTTPRequest.m */,
				88FAB479176D5C710020FB55 /* ASIHTTPRequestConfig.h */,
				88FAB47A176D5C710020FB55 /* ASIHTTPRequestDelegate.h */,
				88FAB47B176D5C710020FB55 /* ASIInputStream.h */,
				88FAB47C176D5C710020FB55 /* ASIInputStream.m */,
				88FAB47D176D5C710020FB55 /* ASINetworkQueue.h */,
				88FAB47E176D5C710020FB55 /* ASINetworkQueue.m */,
				88FAB47F176D5C710020FB55 /* ASIProgressDelegate.h */,
			);
			path = ASIHTTPRequest;
			sourceTree = "<group>";
		};
		88FAB480176D5C710020FB55 /* SBJSON */ = {
			isa = PBXGroup;
			children = (
				88FAB481176D5C710020FB55 /* JSON.h */,
				88FAB482176D5C710020FB55 /* NSObject+SBJSON.h */,
				88FAB483176D5C710020FB55 /* NSObject+SBJSON.m */,
				88FAB484176D5C710020FB55 /* NSString+SBJSON.h */,
				88FAB485176D5C710020FB55 /* NSString+SBJSON.m */,
				88FAB486176D5C710020FB55 /* SBJSON.h */,
				88FAB487176D5C710020FB55 /* SBJSON.m */,
				88FAB488176D5C710020FB55 /* SBJsonBase.h */,
				88FAB489176D5C710020FB55 /* SBJsonBase.m */,
				88FAB48A176D5C710020FB55 /* SBJsonParser.h */,
				88FAB48B176D5C710020FB55 /* SBJsonParser.m */,
				88FAB48C176D5C710020FB55 /* SBJsonWriter.h */,
				88FAB48D176D5C710020FB55 /* SBJsonWriter.m */,
			);
			path = SBJSON;
			sourceTree = "<group>";
		};
		88FAB4A3176D725E0020FB55 /* Media */ = {
			isa = PBXGroup;
			children = (
				8849A4FC176DD0530067860E /* OnBlastLogo.png */,
				8849A4FA176DB2B00067860E /* basketBallBackground.png */,
				88FAB4AF176D88EF0020FB55 /* new logos */,
				88FAB4AD176D7B8F0020FB55 /* OnBlastBackground.png */,
			);
			name = Media;
			sourceTree = "<group>";
		};
		88FAB4A6176D77040020FB55 /* Reachability */ = {
			isa = PBXGroup;
			children = (
				88FAB4A7176D77040020FB55 /* Reachability.h */,
				88FAB4A8176D77040020FB55 /* Reachability.m */,
			);
			path = Reachability;
			sourceTree = "<group>";
		};
		88FAB4AF176D88EF0020FB55 /* new logos */ = {
			isa = PBXGroup;
			children = (
				88FAB4EA176D8B1A0020FB55 /* bobcats.png */,
				88FAB4B0176D88EF0020FB55 /* 76ers.gif */,
				88FAB4B1176D88EF0020FB55 /* atlanta.gif */,
				88FAB4B2176D88EF0020FB55 /* bucks.gif */,
				88FAB4B3176D88EF0020FB55 /* bulls.png */,
				88FAB4B4176D88EF0020FB55 /* cavaliers.png */,
				88FAB4B5176D88EF0020FB55 /* celtics.png */,
				88FAB4B6176D88EF0020FB55 /* clippers.gif */,
				88FAB4B7176D88EF0020FB55 /* grizzlies.png */,
				88FAB4B8176D88EF0020FB55 /* heat.png */,
				88FAB4B9176D88EF0020FB55 /* jazz.png */,
				88FAB4BA176D88EF0020FB55 /* kings.gif */,
				88FAB4BB176D88EF0020FB55 /* knicks.png */,
				88FAB4BC176D88EF0020FB55 /* lakers.png */,
				88FAB4BD176D88EF0020FB55 /* magic.png */,
				88FAB4BE176D88EF0020FB55 /* mavericks.png */,
				88FAB4BF176D88EF0020FB55 /* nets.png */,
				88FAB4C0176D88EF0020FB55 /* nuggets.gif */,
				88FAB4C1176D88EF0020FB55 /* pacers.gif */,
				88FAB4C2176D88EF0020FB55 /* pelicans.png */,
				88FAB4C3176D88EF0020FB55 /* pistons.gif */,
				88FAB4C4176D88EF0020FB55 /* raptors.gif */,
				88FAB4C5176D88EF0020FB55 /* rockets.png */,
				88FAB4C6176D88EF0020FB55 /* spurs.png */,
				88FAB4C7176D88EF0020FB55 /* suns.png */,
				88FAB4C8176D88EF0020FB55 /* thunder.png */,
				88FAB4C9176D88EF0020FB55 /* timberwolves.gif */,
				88FAB4CA176D88EF0020FB55 /* trailblazers.png */,
				88FAB4CB176D88EF0020FB55 /* warriors.png */,
				88FAB4CC176D88EF0020FB55 /* wizards.png */,
			);
			path = "new logos";
			sourceTree = "<group>";
		};
/* End PBXGroup section */

/* Begin PBXNativeTarget section */
		88FAB3BA176CB4CF0020FB55 /* OnBlast */ = {
			isa = PBXNativeTarget;
			buildConfigurationList = 88FAB3D8176CB4CF0020FB55 /* Build configuration list for PBXNativeTarget "OnBlast" */;
			buildPhases = (
				88FAB3B7176CB4CF0020FB55 /* Sources */,
				88FAB3B8176CB4CF0020FB55 /* Frameworks */,
				88FAB3B9176CB4CF0020FB55 /* Resources */,
			);
			buildRules = (
			);
			dependencies = (
			);
			name = OnBlast;
			productName = OnBlast;
			productReference = 88FAB3BB176CB4CF0020FB55 /* OnBlast.app */;
			productType = "com.apple.product-type.application";
		};
/* End PBXNativeTarget section */

/* Begin PBXProject section */
		88FAB3B3176CB4CF0020FB55 /* Project object */ = {
			isa = PBXProject;
			attributes = {
				LastUpgradeCheck = 0460;
				ORGANIZATIONNAME = "Antifragile Development";
			};
			buildConfigurationList = 88FAB3B6176CB4CF0020FB55 /* Build configuration list for PBXProject "OnBlast" */;
			compatibilityVersion = "Xcode 3.2";
			developmentRegion = English;
			hasScannedForEncodings = 0;
			knownRegions = (
				en,
			);
			mainGroup = 88FAB3B2176CB4CF0020FB55;
			productRefGroup = 88FAB3BC176CB4CF0020FB55 /* Products */;
			projectDirPath = "";
			projectRoot = "";
			targets = (
				88FAB3BA176CB4CF0020FB55 /* OnBlast */,
			);
		};
/* End PBXProject section */

/* Begin PBXResourcesBuildPhase section */
		88FAB3B9176CB4CF0020FB55 /* Resources */ = {
			isa = PBXResourcesBuildPhase;
			buildActionMask = 2147483647;
			files = (
				88FAB3C9176CB4CF0020FB55 /* InfoPlist.strings in Resources */,
				88FAB3D1176CB4CF0020FB55 /* Default.png in Resources */,
				88FAB3D3176CB4CF0020FB55 /* Default@2x.png in Resources */,
				88FAB3D5176CB4CF0020FB55 /* Default-568h@2x.png in Resources */,
				88FAB3DF176CC0BC0020FB55 /* MainViewController.xib in Resources */,
				88FAB4AE176D7B8F0020FB55 /* OnBlastBackground.png in Resources */,
				88FAB4CD176D88EF0020FB55 /* 76ers.gif in Resources */,
				88FAB4CE176D88EF0020FB55 /* atlanta.gif in Resources */,
				88FAB4CF176D88EF0020FB55 /* bucks.gif in Resources */,
				88FAB4D0176D88EF0020FB55 /* bulls.png in Resources */,
				88FAB4D1176D88EF0020FB55 /* cavaliers.png in Resources */,
				88FAB4D2176D88EF0020FB55 /* celtics.png in Resources */,
				88FAB4D3176D88EF0020FB55 /* clippers.gif in Resources */,
				88FAB4D4176D88EF0020FB55 /* grizzlies.png in Resources */,
				88FAB4D5176D88EF0020FB55 /* heat.png in Resources */,
				88FAB4D6176D88EF0020FB55 /* jazz.png in Resources */,
				88FAB4D7176D88EF0020FB55 /* kings.gif in Resources */,
				88FAB4D8176D88EF0020FB55 /* knicks.png in Resources */,
				88FAB4D9176D88EF0020FB55 /* lakers.png in Resources */,
				88FAB4DA176D88EF0020FB55 /* magic.png in Resources */,
				88FAB4DB176D88EF0020FB55 /* mavericks.png in Resources */,
				88FAB4DC176D88EF0020FB55 /* nets.png in Resources */,
				88FAB4DD176D88EF0020FB55 /* nuggets.gif in Resources */,
				88FAB4DE176D88EF0020FB55 /* pacers.gif in Resources */,
				88FAB4DF176D88EF0020FB55 /* pelicans.png in Resources */,
				88FAB4E0176D88EF0020FB55 /* pistons.gif in Resources */,
				88FAB4E1176D88EF0020FB55 /* raptors.gif in Resources */,
				88FAB4E2176D88EF0020FB55 /* rockets.png in Resources */,
				88FAB4E3176D88EF0020FB55 /* spurs.png in Resources */,
				88FAB4E4176D88EF0020FB55 /* suns.png in Resources */,
				88FAB4E5176D88EF0020FB55 /* thunder.png in Resources */,
				88FAB4E6176D88EF0020FB55 /* timberwolves.gif in Resources */,
				88FAB4E7176D88EF0020FB55 /* trailblazers.png in Resources */,
				88FAB4E8176D88EF0020FB55 /* warriors.png in Resources */,
				88FAB4E9176D88EF0020FB55 /* wizards.png in Resources */,
				88FAB4EB176D8B1A0020FB55 /* bobcats.png in Resources */,
				8849A4FB176DB2B00067860E /* basketBallBackground.png in Resources */,
				8849A4FD176DD0530067860E /* OnBlastLogo.png in Resources */,
			);
			runOnlyForDeploymentPostprocessing = 0;
		};
/* End PBXResourcesBuildPhase section */

/* Begin PBXSourcesBuildPhase section */
		88FAB3B7176CB4CF0020FB55 /* Sources */ = {
			isa = PBXSourcesBuildPhase;
			buildActionMask = 2147483647;
			files = (
				88FAB3CB176CB4CF0020FB55 /* main.m in Sources */,
				88FAB3CF176CB4CF0020FB55 /* AppDelegate.m in Sources */,
				88FAB3DE176CC0BC0020FB55 /* MainViewController.m in Sources */,
				88FAB3F4176CC1C40020FB55 /* AFHTTPClient.m in Sources */,
				88FAB3F5176CC1C40020FB55 /* AFHTTPRequestOperation.m in Sources */,
				88FAB3F6176CC1C40020FB55 /* AFImageRequestOperation.m in Sources */,
				88FAB3F7176CC1C40020FB55 /* AFJSONRequestOperation.m in Sources */,
				88FAB3F8176CC1C40020FB55 /* AFNetworkActivityIndicatorManager.m in Sources */,
				88FAB3F9176CC1C40020FB55 /* AFPropertyListRequestOperation.m in Sources */,
				88FAB3FA176CC1C40020FB55 /* AFURLConnectionOperation.m in Sources */,
				88FAB3FB176CC1C40020FB55 /* AFXMLRequestOperation.m in Sources */,
				88FAB3FC176CC1C40020FB55 /* UIImageView+AFNetworking.m in Sources */,
				88FAB46A176D58820020FB55 /* Twilinator.m in Sources */,
				88FAB48E176D5C710020FB55 /* ASIDataCompressor.m in Sources */,
				88FAB48F176D5C710020FB55 /* ASIDataDecompressor.m in Sources */,
				88FAB490176D5C710020FB55 /* ASIDownloadCache.m in Sources */,
				88FAB491176D5C710020FB55 /* ASIFormDataRequest.m in Sources */,
				88FAB492176D5C710020FB55 /* ASIHTTPRequest.m in Sources */,
				88FAB493176D5C710020FB55 /* ASIInputStream.m in Sources */,
				88FAB494176D5C710020FB55 /* ASINetworkQueue.m in Sources */,
				88FAB495176D5C710020FB55 /* NSObject+SBJSON.m in Sources */,
				88FAB496176D5C710020FB55 /* NSString+SBJSON.m in Sources */,
				88FAB497176D5C710020FB55 /* SBJSON.m in Sources */,
				88FAB498176D5C710020FB55 /* SBJsonBase.m in Sources */,
				88FAB499176D5C710020FB55 /* SBJsonParser.m in Sources */,
				88FAB49A176D5C710020FB55 /* SBJsonWriter.m in Sources */,
				88FAB4A9176D77040020FB55 /* Reachability.m in Sources */,
			);
			runOnlyForDeploymentPostprocessing = 0;
		};
/* End PBXSourcesBuildPhase section */

/* Begin PBXVariantGroup section */
		88FAB3C7176CB4CF0020FB55 /* InfoPlist.strings */ = {
			isa = PBXVariantGroup;
			children = (
				88FAB3C8176CB4CF0020FB55 /* en */,
			);
			name = InfoPlist.strings;
			sourceTree = "<group>";
		};
/* End PBXVariantGroup section */

/* Begin XCBuildConfiguration section */
		88FAB3D6176CB4CF0020FB55 /* Debug */ = {
			isa = XCBuildConfiguration;
			buildSettings = {
				ALWAYS_SEARCH_USER_PATHS = NO;
				CLANG_CXX_LANGUAGE_STANDARD = "gnu++0x";
				CLANG_CXX_LIBRARY = "libc++";
				CLANG_ENABLE_OBJC_ARC = YES;
				CLANG_WARN_CONSTANT_CONVERSION = YES;
				CLANG_WARN_EMPTY_BODY = YES;
				CLANG_WARN_ENUM_CONVERSION = YES;
				CLANG_WARN_INT_CONVERSION = YES;
				CLANG_WARN__DUPLICATE_METHOD_MATCH = YES;
				"CODE_SIGN_IDENTITY[sdk=iphoneos*]" = "iPhone Developer";
				COPY_PHASE_STRIP = NO;
				GCC_C_LANGUAGE_STANDARD = gnu99;
				GCC_DYNAMIC_NO_PIC = NO;
				GCC_OPTIMIZATION_LEVEL = 0;
				GCC_PREPROCESSOR_DEFINITIONS = (
					"DEBUG=1",
					"$(inherited)",
				);
				GCC_SYMBOLS_PRIVATE_EXTERN = NO;
				GCC_WARN_ABOUT_RETURN_TYPE = YES;
				GCC_WARN_UNINITIALIZED_AUTOS = YES;
				GCC_WARN_UNUSED_VARIABLE = YES;
				IPHONEOS_DEPLOYMENT_TARGET = 6.1;
				ONLY_ACTIVE_ARCH = YES;
				SDKROOT = iphoneos;
				TARGETED_DEVICE_FAMILY = 2;
			};
			name = Debug;
		};
		88FAB3D7176CB4CF0020FB55 /* Release */ = {
			isa = XCBuildConfiguration;
			buildSettings = {
				ALWAYS_SEARCH_USER_PATHS = NO;
				CLANG_CXX_LANGUAGE_STANDARD = "gnu++0x";
				CLANG_CXX_LIBRARY = "libc++";
				CLANG_ENABLE_OBJC_ARC = YES;
				CLANG_WARN_CONSTANT_CONVERSION = YES;
				CLANG_WARN_EMPTY_BODY = YES;
				CLANG_WARN_ENUM_CONVERSION = YES;
				CLANG_WARN_INT_CONVERSION = YES;
				CLANG_WARN__DUPLICATE_METHOD_MATCH = YES;
				"CODE_SIGN_IDENTITY[sdk=iphoneos*]" = "iPhone Developer";
				COPY_PHASE_STRIP = YES;
				GCC_C_LANGUAGE_STANDARD = gnu99;
				GCC_WARN_ABOUT_RETURN_TYPE = YES;
				GCC_WARN_UNINITIALIZED_AUTOS = YES;
				GCC_WARN_UNUSED_VARIABLE = YES;
				IPHONEOS_DEPLOYMENT_TARGET = 6.1;
				OTHER_CFLAGS = "-DNS_BLOCK_ASSERTIONS=1";
				SDKROOT = iphoneos;
				TARGETED_DEVICE_FAMILY = 2;
				VALIDATE_PRODUCT = YES;
			};
			name = Release;
		};
		88FAB3D9176CB4CF0020FB55 /* Debug */ = {
			isa = XCBuildConfiguration;
			buildSettings = {
				GCC_PRECOMPILE_PREFIX_HEADER = YES;
				GCC_PREFIX_HEADER = "OnBlast/OnBlast-Prefix.pch";
				INFOPLIST_FILE = "OnBlast/OnBlast-Info.plist";
				PRODUCT_NAME = "$(TARGET_NAME)";
				WRAPPER_EXTENSION = app;
			};
			name = Debug;
		};
		88FAB3DA176CB4CF0020FB55 /* Release */ = {
			isa = XCBuildConfiguration;
			buildSettings = {
				GCC_PRECOMPILE_PREFIX_HEADER = YES;
				GCC_PREFIX_HEADER = "OnBlast/OnBlast-Prefix.pch";
				INFOPLIST_FILE = "OnBlast/OnBlast-Info.plist";
				PRODUCT_NAME = "$(TARGET_NAME)";
				WRAPPER_EXTENSION = app;
			};
			name = Release;
		};
/* End XCBuildConfiguration section */

/* Begin XCConfigurationList section */
		88FAB3B6176CB4CF0020FB55 /* Build configuration list for PBXProject "OnBlast" */ = {
			isa = XCConfigurationList;
			buildConfigurations = (
				88FAB3D6176CB4CF0020FB55 /* Debug */,
				88FAB3D7176CB4CF0020FB55 /* Release */,
			);
			defaultConfigurationIsVisible = 0;
			defaultConfigurationName = Release;
		};
		88FAB3D8176CB4CF0020FB55 /* Build configuration list for PBXNativeTarget "OnBlast" */ = {
			isa = XCConfigurationList;
			buildConfigurations = (
				88FAB3D9176CB4CF0020FB55 /* Debug */,
				88FAB3DA176CB4CF0020FB55 /* Release */,
			);
			defaultConfigurationIsVisible = 0;
			defaultConfigurationName = Release;
		};
/* End XCConfigurationList section */
	};
	rootObject = 88FAB3B3176CB4CF0020FB55 /* Project object */;
}
