// !$*UTF8*$!
{
	archiveVersion = 1;
	classes = {
	};
	objectVersion = 46;
	objects = {

/* Begin PBXBuildFile section */
		88FAB3BF176CB4CF0020FB55 /* UIKit.framework in Frameworks */ = {isa = PBXBuildFile; fileRef = 88FAB3BE176CB4CF0020FB55 /* UIKit.framework */; };
		88FAB3C1176CB4CF0020FB55 /* Foundation.framework in Frameworks */ = {isa = PBXBuildFile; fileRef = 88FAB3C0176CB4CF0020FB55 /* Foundation.framework */; };
		88FAB3C3176CB4CF0020FB55 /* CoreGraphics.framework in Frameworks */ = {isa = PBXBuildFile; fileRef = 88FAB3C2176CB4CF0020FB55 /* CoreGraphics.framework */; };
		88FAB3C9176CB4CF0020FB55 /* InfoPlist.strings in Resources */ = {isa = PBXBuildFile; fileRef = 88FAB3C7176CB4CF0020FB55 /* InfoPlist.strings */; };
		88FAB3CB176CB4CF0020FB55 /* main.m in Sources */ = {isa = PBXBuildFile; fileRef = 88FAB3CA176CB4CF0020FB55 /* main.m */; };
		88FAB3CF176CB4CF0020FB55 /* AppDelegate.m in Sources */ = {isa = PBXBuildFile; fileRef = 88FAB3CE176CB4CF0020FB55 /* AppDelegate.m */; };
		88FAB3D1176CB4CF0020FB55 /* Default.png in Resources */ = {isa = PBXBuildFile; fileRef = 88FAB3D0176CB4CF0020FB55 /* Default.png */; };
		88FAB3D3176CB4CF0020FB55 /* Default@2x.png in Resources */ = {isa = PBXBuildFile; fileRef = 88FAB3D2176CB4CF0020FB55 /* Default@2x.png */; };
		88FAB3D5176CB4CF0020FB55 /* Default-568h@2x.png in Resources */ = {isa = PBXBuildFile; fileRef = 88FAB3D4176CB4CF0020FB55 /* Default-568h@2x.png */; };
		88FAB3DE176CC0BC0020FB55 /* MainViewController.m in Sources */ = {isa = PBXBuildFile; fileRef = 88FAB3DC176CC0BC0020FB55 /* MainViewController.m */; };
		88FAB3DF176CC0BC0020FB55 /* MainViewController.xib in Resources */ = {isa = PBXBuildFile; fileRef = 88FAB3DD176CC0BC0020FB55 /* MainViewController.xib */; };
		88FAB3F4176CC1C40020FB55 /* AFHTTPClient.m in Sources */ = {isa = PBXBuildFile; fileRef = 88FAB3E2176CC1C40020FB55 /* AFHTTPClient.m */; };
		88FAB3F5176CC1C40020FB55 /* AFHTTPRequestOperation.m in Sources */ = {isa = PBXBuildFile; fileRef = 88FAB3E4176CC1C40020FB55 /* AFHTTPRequestOperation.m */; };
		88FAB3F6176CC1C40020FB55 /* AFImageRequestOperation.m in Sources */ = {isa = PBXBuildFile; fileRef = 88FAB3E6176CC1C40020FB55 /* AFImageRequestOperation.m */; };
		88FAB3F7176CC1C40020FB55 /* AFJSONRequestOperation.m in Sources */ = {isa = PBXBuildFile; fileRef = 88FAB3E8176CC1C40020FB55 /* AFJSONRequestOperation.m */; };
		88FAB3F8176CC1C40020FB55 /* AFNetworkActivityIndicatorManager.m in Sources */ = {isa = PBXBuildFile; fileRef = 88FAB3EA176CC1C40020FB55 /* AFNetworkActivityIndicatorManager.m */; };
		88FAB3F9176CC1C40020FB55 /* AFPropertyListRequestOperation.m in Sources */ = {isa = PBXBuildFile; fileRef = 88FAB3ED176CC1C40020FB55 /* AFPropertyListRequestOperation.m */; };
		88FAB3FA176CC1C40020FB55 /* AFURLConnectionOperation.m in Sources */ = {isa = PBXBuildFile; fileRef = 88FAB3EF176CC1C40020FB55 /* AFURLConnectionOperation.m */; };
		88FAB3FB176CC1C40020FB55 /* AFXMLRequestOperation.m in Sources */ = {isa = PBXBuildFile; fileRef = 88FAB3F1176CC1C40020FB55 /* AFXMLRequestOperation.m */; };
		88FAB3FC176CC1C40020FB55 /* UIImageView+AFNetworking.m in Sources */ = {isa = PBXBuildFile; fileRef = 88FAB3F3176CC1C40020FB55 /* UIImageView+AFNetworking.m */; };
/* End PBXBuildFile section */

/* Begin PBXFileReference section */
		88FAB3BB176CB4CF0020FB55 /* OnBlast.app */ = {isa = PBXFileReference; explicitFileType = wrapper.application; includeInIndex = 0; path = OnBlast.app; sourceTree = BUILT_PRODUCTS_DIR; };
		88FAB3BE176CB4CF0020FB55 /* UIKit.framework */ = {isa = PBXFileReference; lastKnownFileType = wrapper.framework; name = UIKit.framework; path = System/Library/Frameworks/UIKit.framework; sourceTree = SDKROOT; };
		88FAB3C0176CB4CF0020FB55 /* Foundation.framework */ = {isa = PBXFileReference; lastKnownFileType = wrapper.framework; name = Foundation.framework; path = System/Library/Frameworks/Foundation.framework; sourceTree = SDKROOT; };
		88FAB3C2176CB4CF0020FB55 /* CoreGraphics.framework */ = {isa = PBXFileReference; lastKnownFileType = wrapper.framework; name = CoreGraphics.framework; path = System/Library/Frameworks/CoreGraphics.framework; sourceTree = SDKROOT; };
		88FAB3C6176CB4CF0020FB55 /* OnBlast-Info.plist */ = {isa = PBXFileReference; lastKnownFileType = text.plist.xml; path = "OnBlast-Info.plist"; sourceTree = "<group>"; };
		88FAB3C8176CB4CF0020FB55 /* en */ = {isa = PBXFileReference; lastKnownFileType = text.plist.strings; name = en; path = en.lproj/InfoPlist.strings; sourceTree = "<group>"; };
		88FAB3CA176CB4CF0020FB55 /* main.m */ = {isa = PBXFileReference; lastKnownFileType = sourcecode.c.objc; path = main.m; sourceTree = "<group>"; };
		88FAB3CC176CB4CF0020FB55 /* OnBlast-Prefix.pch */ = {isa = PBXFileReference; lastKnownFileType = sourcecode.c.h; path = "OnBlast-Prefix.pch"; sourceTree = "<group>"; };
		88FAB3CD176CB4CF0020FB55 /* AppDelegate.h */ = {isa = PBXFileReference; lastKnownFileType = sourcecode.c.h; path = AppDelegate.h; sourceTree = "<group>"; };
		88FAB3CE176CB4CF0020FB55 /* AppDelegate.m */ = {isa = PBXFileReference; lastKnownFileType = sourcecode.c.objc; path = AppDelegate.m; sourceTree = "<group>"; };
		88FAB3D0176CB4CF0020FB55 /* Default.png */ = {isa = PBXFileReference; lastKnownFileType = image.png; path = Default.png; sourceTree = "<group>"; };
		88FAB3D2176CB4CF0020FB55 /* Default@2x.png */ = {isa = PBXFileReference; lastKnownFileType = image.png; path = "Default@2x.png"; sourceTree = "<group>"; };
		88FAB3D4176CB4CF0020FB55 /* Default-568h@2x.png */ = {isa = PBXFileReference; lastKnownFileType = image.png; path = "Default-568h@2x.png"; sourceTree = "<group>"; };
		88FAB3DB176CC0BC0020FB55 /* MainViewController.h */ = {isa = PBXFileReference; fileEncoding = 4; lastKnownFileType = sourcecode.c.h; name = MainViewController.h; path = ../MainViewController.h; sourceTree = "<group>"; };
		88FAB3DC176CC0BC0020FB55 /* MainViewController.m */ = {isa = PBXFileReference; fileEncoding = 4; lastKnownFileType = sourcecode.c.objc; name = MainViewController.m; path = ../MainViewController.m; sourceTree = "<group>"; };
		88FAB3DD176CC0BC0020FB55 /* MainViewController.xib */ = {isa = PBXFileReference; fileEncoding = 4; lastKnownFileType = file.xib; name = MainViewController.xib; path = ../MainViewController.xib; sourceTree = "<group>"; };
		88FAB3E1176CC1C40020FB55 /* AFHTTPClient.h */ = {isa = PBXFileReference; fileEncoding = 4; lastKnownFileType = sourcecode.c.h; path = AFHTTPClient.h; sourceTree = "<group>"; };
		88FAB3E2176CC1C40020FB55 /* AFHTTPClient.m */ = {isa = PBXFileReference; fileEncoding = 4; lastKnownFileType = sourcecode.c.objc; path = AFHTTPClient.m; sourceTree = "<group>"; };
		88FAB3E3176CC1C40020FB55 /* AFHTTPRequestOperation.h */ = {isa = PBXFileReference; fileEncoding = 4; lastKnownFileType = sourcecode.c.h; path = AFHTTPRequestOperation.h; sourceTree = "<group>"; };
		88FAB3E4176CC1C40020FB55 /* AFHTTPRequestOperation.m */ = {isa = PBXFileReference; fileEncoding = 4; lastKnownFileType = sourcecode.c.objc; path = AFHTTPRequestOperation.m; sourceTree = "<group>"; };
		88FAB3E5176CC1C40020FB55 /* AFImageRequestOperation.h */ = {isa = PBXFileReference; fileEncoding = 4; lastKnownFileType = sourcecode.c.h; path = AFImageRequestOperation.h; sourceTree = "<group>"; };
		88FAB3E6176CC1C40020FB55 /* AFImageRequestOperation.m */ = {isa = PBXFileReference; fileEncoding = 4; lastKnownFileType = sourcecode.c.objc; path = AFImageRequestOperation.m; sourceTree = "<group>"; };
		88FAB3E7176CC1C40020FB55 /* AFJSONRequestOperation.h */ = {isa = PBXFileReference; fileEncoding = 4; lastKnownFileType = sourcecode.c.h; path = AFJSONRequestOperation.h; sourceTree = "<group>"; };
		88FAB3E8176CC1C40020FB55 /* AFJSONRequestOperation.m */ = {isa = PBXFileReference; fileEncoding = 4; lastKnownFileType = sourcecode.c.objc; path = AFJSONRequestOperation.m; sourceTree = "<group>"; };
		88FAB3E9176CC1C40020FB55 /* AFNetworkActivityIndicatorManager.h */ = {isa = PBXFileReference; fileEncoding = 4; lastKnownFileType = sourcecode.c.h; path = AFNetworkActivityIndicatorManager.h; sourceTree = "<group>"; };
		88FAB3EA176CC1C40020FB55 /* AFNetworkActivityIndicatorManager.m */ = {isa = PBXFileReference; fileEncoding = 4; lastKnownFileType = sourcecode.c.objc; path = AFNetworkActivityIndicatorManager.m; sourceTree = "<group>"; };
		88FAB3EB176CC1C40020FB55 /* AFNetworking.h */ = {isa = PBXFileReference; fileEncoding = 4; lastKnownFileType = sourcecode.c.h; path = AFNetworking.h; sourceTree = "<group>"; };
		88FAB3EC176CC1C40020FB55 /* AFPropertyListRequestOperation.h */ = {isa = PBXFileReference; fileEncoding = 4; lastKnownFileType = sourcecode.c.h; path = AFPropertyListRequestOperation.h; sourceTree = "<group>"; };
		88FAB3ED176CC1C40020FB55 /* AFPropertyListRequestOperation.m */ = {isa = PBXFileReference; fileEncoding = 4; lastKnownFileType = sourcecode.c.objc; path = AFPropertyListRequestOperation.m; sourceTree = "<group>"; };
		88FAB3EE176CC1C40020FB55 /* AFURLConnectionOperation.h */ = {isa = PBXFileReference; fileEncoding = 4; lastKnownFileType = sourcecode.c.h; path = AFURLConnectionOperation.h; sourceTree = "<group>"; };
		88FAB3EF176CC1C40020FB55 /* AFURLConnectionOperation.m */ = {isa = PBXFileReference; fileEncoding = 4; lastKnownFileType = sourcecode.c.objc; path = AFURLConnectionOperation.m; sourceTree = "<group>"; };
		88FAB3F0176CC1C40020FB55 /* AFXMLRequestOperation.h */ = {isa = PBXFileReference; fileEncoding = 4; lastKnownFileType = sourcecode.c.h; path = AFXMLRequestOperation.h; sourceTree = "<group>"; };
		88FAB3F1176CC1C40020FB55 /* AFXMLRequestOperation.m */ = {isa = PBXFileReference; fileEncoding = 4; lastKnownFileType = sourcecode.c.objc; path = AFXMLRequestOperation.m; sourceTree = "<group>"; };
		88FAB3F2176CC1C40020FB55 /* UIImageView+AFNetworking.h */ = {isa = PBXFileReference; fileEncoding = 4; lastKnownFileType = sourcecode.c.h; path = "UIImageView+AFNetworking.h"; sourceTree = "<group>"; };
		88FAB3F3176CC1C40020FB55 /* UIImageView+AFNetworking.m */ = {isa = PBXFileReference; fileEncoding = 4; lastKnownFileType = sourcecode.c.objc; path = "UIImageView+AFNetworking.m"; sourceTree = "<group>"; };
/* End PBXFileReference section */

/* Begin PBXFrameworksBuildPhase section */
		88FAB3B8176CB4CF0020FB55 /* Frameworks */ = {
			isa = PBXFrameworksBuildPhase;
			buildActionMask = 2147483647;
			files = (
				88FAB3BF176CB4CF0020FB55 /* UIKit.framework in Frameworks */,
				88FAB3C1176CB4CF0020FB55 /* Foundation.framework in Frameworks */,
				88FAB3C3176CB4CF0020FB55 /* CoreGraphics.framework in Frameworks */,
			);
			runOnlyForDeploymentPostprocessing = 0;
		};
/* End PBXFrameworksBuildPhase section */

/* Begin PBXGroup section */
		88FAB3B2176CB4CF0020FB55 = {
			isa = PBXGroup;
			children = (
				88FAB3E0176CC1C40020FB55 /* AFNetworking */,
				88FAB3C4176CB4CF0020FB55 /* OnBlast */,
				88FAB3BD176CB4CF0020FB55 /* Frameworks */,
				88FAB3BC176CB4CF0020FB55 /* Products */,
			);
			sourceTree = "<group>";
		};
		88FAB3BC176CB4CF0020FB55 /* Products */ = {
			isa = PBXGroup;
			children = (
				88FAB3BB176CB4CF0020FB55 /* OnBlast.app */,
			);
			name = Products;
			sourceTree = "<group>";
		};
		88FAB3BD176CB4CF0020FB55 /* Frameworks */ = {
			isa = PBXGroup;
			children = (
				88FAB3BE176CB4CF0020FB55 /* UIKit.framework */,
				88FAB3C0176CB4CF0020FB55 /* Foundation.framework */,
				88FAB3C2176CB4CF0020FB55 /* CoreGraphics.framework */,
			);
			name = Frameworks;
			sourceTree = "<group>";
		};
		88FAB3C4176CB4CF0020FB55 /* OnBlast */ = {
			isa = PBXGroup;
			children = (
				88FAB3DB176CC0BC0020FB55 /* MainViewController.h */,
				88FAB3DC176CC0BC0020FB55 /* MainViewController.m */,
				88FAB3DD176CC0BC0020FB55 /* MainViewController.xib */,
				88FAB3CD176CB4CF0020FB55 /* AppDelegate.h */,
				88FAB3CE176CB4CF0020FB55 /* AppDelegate.m */,
				88FAB3C5176CB4CF0020FB55 /* Supporting Files */,
			);
			path = OnBlast;
			sourceTree = "<group>";
		};
		88FAB3C5176CB4CF0020FB55 /* Supporting Files */ = {
			isa = PBXGroup;
			children = (
				88FAB3C6176CB4CF0020FB55 /* OnBlast-Info.plist */,
				88FAB3C7176CB4CF0020FB55 /* InfoPlist.strings */,
				88FAB3CA176CB4CF0020FB55 /* main.m */,
				88FAB3CC176CB4CF0020FB55 /* OnBlast-Prefix.pch */,
				88FAB3D0176CB4CF0020FB55 /* Default.png */,
				88FAB3D2176CB4CF0020FB55 /* Default@2x.png */,
				88FAB3D4176CB4CF0020FB55 /* Default-568h@2x.png */,
			);
			name = "Supporting Files";
			sourceTree = "<group>";
		};
		88FAB3E0176CC1C40020FB55 /* AFNetworking */ = {
			isa = PBXGroup;
			children = (
				88FAB3E1176CC1C40020FB55 /* AFHTTPClient.h */,
				88FAB3E2176CC1C40020FB55 /* AFHTTPClient.m */,
				88FAB3E3176CC1C40020FB55 /* AFHTTPRequestOperation.h */,
				88FAB3E4176CC1C40020FB55 /* AFHTTPRequestOperation.m */,
				88FAB3E5176CC1C40020FB55 /* AFImageRequestOperation.h */,
				88FAB3E6176CC1C40020FB55 /* AFImageRequestOperation.m */,
				88FAB3E7176CC1C40020FB55 /* AFJSONRequestOperation.h */,
				88FAB3E8176CC1C40020FB55 /* AFJSONRequestOperation.m */,
				88FAB3E9176CC1C40020FB55 /* AFNetworkActivityIndicatorManager.h */,
				88FAB3EA176CC1C40020FB55 /* AFNetworkActivityIndicatorManager.m */,
				88FAB3EB176CC1C40020FB55 /* AFNetworking.h */,
				88FAB3EC176CC1C40020FB55 /* AFPropertyListRequestOperation.h */,
				88FAB3ED176CC1C40020FB55 /* AFPropertyListRequestOperation.m */,
				88FAB3EE176CC1C40020FB55 /* AFURLConnectionOperation.h */,
				88FAB3EF176CC1C40020FB55 /* AFURLConnectionOperation.m */,
				88FAB3F0176CC1C40020FB55 /* AFXMLRequestOperation.h */,
				88FAB3F1176CC1C40020FB55 /* AFXMLRequestOperation.m */,
				88FAB3F2176CC1C40020FB55 /* UIImageView+AFNetworking.h */,
				88FAB3F3176CC1C40020FB55 /* UIImageView+AFNetworking.m */,
			);
			path = AFNetworking;
			sourceTree = "<group>";
		};
/* End PBXGroup section */

/* Begin PBXNativeTarget section */
		88FAB3BA176CB4CF0020FB55 /* OnBlast */ = {
			isa = PBXNativeTarget;
			buildConfigurationList = 88FAB3D8176CB4CF0020FB55 /* Build configuration list for PBXNativeTarget "OnBlast" */;
			buildPhases = (
				88FAB3B7176CB4CF0020FB55 /* Sources */,
				88FAB3B8176CB4CF0020FB55 /* Frameworks */,
				88FAB3B9176CB4CF0020FB55 /* Resources */,
			);
			buildRules = (
			);
			dependencies = (
			);
			name = OnBlast;
			productName = OnBlast;
			productReference = 88FAB3BB176CB4CF0020FB55 /* OnBlast.app */;
			productType = "com.apple.product-type.application";
		};
/* End PBXNativeTarget section */

/* Begin PBXProject section */
		88FAB3B3176CB4CF0020FB55 /* Project object */ = {
			isa = PBXProject;
			attributes = {
				LastUpgradeCheck = 0460;
				ORGANIZATIONNAME = "Antifragile Development";
			};
			buildConfigurationList = 88FAB3B6176CB4CF0020FB55 /* Build configuration list for PBXProject "OnBlast" */;
			compatibilityVersion = "Xcode 3.2";
			developmentRegion = English;
			hasScannedForEncodings = 0;
			knownRegions = (
				en,
			);
			mainGroup = 88FAB3B2176CB4CF0020FB55;
			productRefGroup = 88FAB3BC176CB4CF0020FB55 /* Products */;
			projectDirPath = "";
			projectRoot = "";
			targets = (
				88FAB3BA176CB4CF0020FB55 /* OnBlast */,
			);
		};
/* End PBXProject section */

/* Begin PBXResourcesBuildPhase section */
		88FAB3B9176CB4CF0020FB55 /* Resources */ = {
			isa = PBXResourcesBuildPhase;
			buildActionMask = 2147483647;
			files = (
				88FAB3C9176CB4CF0020FB55 /* InfoPlist.strings in Resources */,
				88FAB3D1176CB4CF0020FB55 /* Default.png in Resources */,
				88FAB3D3176CB4CF0020FB55 /* Default@2x.png in Resources */,
				88FAB3D5176CB4CF0020FB55 /* Default-568h@2x.png in Resources */,
				88FAB3DF176CC0BC0020FB55 /* MainViewController.xib in Resources */,
			);
			runOnlyForDeploymentPostprocessing = 0;
		};
/* End PBXResourcesBuildPhase section */

/* Begin PBXSourcesBuildPhase section */
		88FAB3B7176CB4CF0020FB55 /* Sources */ = {
			isa = PBXSourcesBuildPhase;
			buildActionMask = 2147483647;
			files = (
				88FAB3CB176CB4CF0020FB55 /* main.m in Sources */,
				88FAB3CF176CB4CF0020FB55 /* AppDelegate.m in Sources */,
				88FAB3DE176CC0BC0020FB55 /* MainViewController.m in Sources */,
				88FAB3F4176CC1C40020FB55 /* AFHTTPClient.m in Sources */,
				88FAB3F5176CC1C40020FB55 /* AFHTTPRequestOperation.m in Sources */,
				88FAB3F6176CC1C40020FB55 /* AFImageRequestOperation.m in Sources */,
				88FAB3F7176CC1C40020FB55 /* AFJSONRequestOperation.m in Sources */,
				88FAB3F8176CC1C40020FB55 /* AFNetworkActivityIndicatorManager.m in Sources */,
				88FAB3F9176CC1C40020FB55 /* AFPropertyListRequestOperation.m in Sources */,
				88FAB3FA176CC1C40020FB55 /* AFURLConnectionOperation.m in Sources */,
				88FAB3FB176CC1C40020FB55 /* AFXMLRequestOperation.m in Sources */,
				88FAB3FC176CC1C40020FB55 /* UIImageView+AFNetworking.m in Sources */,
			);
			runOnlyForDeploymentPostprocessing = 0;
		};
/* End PBXSourcesBuildPhase section */

/* Begin PBXVariantGroup section */
		88FAB3C7176CB4CF0020FB55 /* InfoPlist.strings */ = {
			isa = PBXVariantGroup;
			children = (
				88FAB3C8176CB4CF0020FB55 /* en */,
			);
			name = InfoPlist.strings;
			sourceTree = "<group>";
		};
/* End PBXVariantGroup section */

/* Begin XCBuildConfiguration section */
		88FAB3D6176CB4CF0020FB55 /* Debug */ = {
			isa = XCBuildConfiguration;
			buildSettings = {
				ALWAYS_SEARCH_USER_PATHS = NO;
				CLANG_CXX_LANGUAGE_STANDARD = "gnu++0x";
				CLANG_CXX_LIBRARY = "libc++";
				CLANG_ENABLE_OBJC_ARC = YES;
				CLANG_WARN_CONSTANT_CONVERSION = YES;
				CLANG_WARN_EMPTY_BODY = YES;
				CLANG_WARN_ENUM_CONVERSION = YES;
				CLANG_WARN_INT_CONVERSION = YES;
				CLANG_WARN__DUPLICATE_METHOD_MATCH = YES;
				"CODE_SIGN_IDENTITY[sdk=iphoneos*]" = "iPhone Developer";
				COPY_PHASE_STRIP = NO;
				GCC_C_LANGUAGE_STANDARD = gnu99;
				GCC_DYNAMIC_NO_PIC = NO;
				GCC_OPTIMIZATION_LEVEL = 0;
				GCC_PREPROCESSOR_DEFINITIONS = (
					"DEBUG=1",
					"$(inherited)",
				);
				GCC_SYMBOLS_PRIVATE_EXTERN = NO;
				GCC_WARN_ABOUT_RETURN_TYPE = YES;
				GCC_WARN_UNINITIALIZED_AUTOS = YES;
				GCC_WARN_UNUSED_VARIABLE = YES;
				IPHONEOS_DEPLOYMENT_TARGET = 6.1;
				ONLY_ACTIVE_ARCH = YES;
				SDKROOT = iphoneos;
				TARGETED_DEVICE_FAMILY = 2;
			};
			name = Debug;
		};
		88FAB3D7176CB4CF0020FB55 /* Release */ = {
			isa = XCBuildConfiguration;
			buildSettings = {
				ALWAYS_SEARCH_USER_PATHS = NO;
				CLANG_CXX_LANGUAGE_STANDARD = "gnu++0x";
				CLANG_CXX_LIBRARY = "libc++";
				CLANG_ENABLE_OBJC_ARC = YES;
				CLANG_WARN_CONSTANT_CONVERSION = YES;
				CLANG_WARN_EMPTY_BODY = YES;
				CLANG_WARN_ENUM_CONVERSION = YES;
				CLANG_WARN_INT_CONVERSION = YES;
				CLANG_WARN__DUPLICATE_METHOD_MATCH = YES;
				"CODE_SIGN_IDENTITY[sdk=iphoneos*]" = "iPhone Developer";
				COPY_PHASE_STRIP = YES;
				GCC_C_LANGUAGE_STANDARD = gnu99;
				GCC_WARN_ABOUT_RETURN_TYPE = YES;
				GCC_WARN_UNINITIALIZED_AUTOS = YES;
				GCC_WARN_UNUSED_VARIABLE = YES;
				IPHONEOS_DEPLOYMENT_TARGET = 6.1;
				OTHER_CFLAGS = "-DNS_BLOCK_ASSERTIONS=1";
				SDKROOT = iphoneos;
				TARGETED_DEVICE_FAMILY = 2;
				VALIDATE_PRODUCT = YES;
			};
			name = Release;
		};
		88FAB3D9176CB4CF0020FB55 /* Debug */ = {
			isa = XCBuildConfiguration;
			buildSettings = {
				GCC_PRECOMPILE_PREFIX_HEADER = YES;
				GCC_PREFIX_HEADER = "OnBlast/OnBlast-Prefix.pch";
				INFOPLIST_FILE = "OnBlast/OnBlast-Info.plist";
				PRODUCT_NAME = "$(TARGET_NAME)";
				WRAPPER_EXTENSION = app;
			};
			name = Debug;
		};
		88FAB3DA176CB4CF0020FB55 /* Release */ = {
			isa = XCBuildConfiguration;
			buildSettings = {
				GCC_PRECOMPILE_PREFIX_HEADER = YES;
				GCC_PREFIX_HEADER = "OnBlast/OnBlast-Prefix.pch";
				INFOPLIST_FILE = "OnBlast/OnBlast-Info.plist";
				PRODUCT_NAME = "$(TARGET_NAME)";
				WRAPPER_EXTENSION = app;
			};
			name = Release;
		};
/* End XCBuildConfiguration section */

/* Begin XCConfigurationList section */
		88FAB3B6176CB4CF0020FB55 /* Build configuration list for PBXProject "OnBlast" */ = {
			isa = XCConfigurationList;
			buildConfigurations = (
				88FAB3D6176CB4CF0020FB55 /* Debug */,
				88FAB3D7176CB4CF0020FB55 /* Release */,
			);
			defaultConfigurationIsVisible = 0;
			defaultConfigurationName = Release;
		};
		88FAB3D8176CB4CF0020FB55 /* Build configuration list for PBXNativeTarget "OnBlast" */ = {
			isa = XCConfigurationList;
			buildConfigurations = (
				88FAB3D9176CB4CF0020FB55 /* Debug */,
				88FAB3DA176CB4CF0020FB55 /* Release */,
			);
			defaultConfigurationIsVisible = 0;
		};
/* End XCConfigurationList section */
	};
	rootObject = 88FAB3B3176CB4CF0020FB55 /* Project object */;
}
